// !$*UTF8*$!
{
	archiveVersion = 1;
	classes = {
	};
	objectVersion = 55;
	objects = {

/* Begin PBXBuildFile section */
		C361EB0429A5B3DF00128BFA /* AppDelegate.swift in Sources */ = {isa = PBXBuildFile; fileRef = C361EB0329A5B3DF00128BFA /* AppDelegate.swift */; };
		C361EB0629A5B3DF00128BFA /* SceneDelegate.swift in Sources */ = {isa = PBXBuildFile; fileRef = C361EB0529A5B3DF00128BFA /* SceneDelegate.swift */; };
		C361EB0829A5B3DF00128BFA /* InternViewController.swift in Sources */ = {isa = PBXBuildFile; fileRef = C361EB0729A5B3DF00128BFA /* InternViewController.swift */; };
		C361EB0B29A5B3DF00128BFA /* Main.storyboard in Resources */ = {isa = PBXBuildFile; fileRef = C361EB0929A5B3DF00128BFA /* Main.storyboard */; };
		C361EB0E29A5B3DF00128BFA /* DelegateProtocolProject.xcdatamodeld in Sources */ = {isa = PBXBuildFile; fileRef = C361EB0C29A5B3DF00128BFA /* DelegateProtocolProject.xcdatamodeld */; };
		C361EB1029A5B3E200128BFA /* Assets.xcassets in Resources */ = {isa = PBXBuildFile; fileRef = C361EB0F29A5B3E200128BFA /* Assets.xcassets */; };
		C361EB1329A5B3E200128BFA /* LaunchScreen.storyboard in Resources */ = {isa = PBXBuildFile; fileRef = C361EB1129A5B3E200128BFA /* LaunchScreen.storyboard */; };
		C361EB1B29A5C2ED00128BFA /* BossViewController.swift in Sources */ = {isa = PBXBuildFile; fileRef = C361EB1A29A5C2ED00128BFA /* BossViewController.swift */; };
/* End PBXBuildFile section */

/* Begin PBXFileReference section */
		C361EB0029A5B3DF00128BFA /* DelegateProtocolProject.app */ = {isa = PBXFileReference; explicitFileType = wrapper.application; includeInIndex = 0; path = DelegateProtocolProject.app; sourceTree = BUILT_PRODUCTS_DIR; };
		C361EB0329A5B3DF00128BFA /* AppDelegate.swift */ = {isa = PBXFileReference; lastKnownFileType = sourcecode.swift; path = AppDelegate.swift; sourceTree = "<group>"; };
		C361EB0529A5B3DF00128BFA /* SceneDelegate.swift */ = {isa = PBXFileReference; lastKnownFileType = sourcecode.swift; path = SceneDelegate.swift; sourceTree = "<group>"; };
		C361EB0729A5B3DF00128BFA /* InternViewController.swift */ = {isa = PBXFileReference; lastKnownFileType = sourcecode.swift; path = InternViewController.swift; sourceTree = "<group>"; };
		C361EB0A29A5B3DF00128BFA /* Base */ = {isa = PBXFileReference; lastKnownFileType = file.storyboard; name = Base; path = Base.lproj/Main.storyboard; sourceTree = "<group>"; };
		C361EB0D29A5B3DF00128BFA /* DelegateProtocolProject.xcdatamodel */ = {isa = PBXFileReference; lastKnownFileType = wrapper.xcdatamodel; path = DelegateProtocolProject.xcdatamodel; sourceTree = "<group>"; };
		C361EB0F29A5B3E200128BFA /* Assets.xcassets */ = {isa = PBXFileReference; lastKnownFileType = folder.assetcatalog; path = Assets.xcassets; sourceTree = "<group>"; };
		C361EB1229A5B3E200128BFA /* Base */ = {isa = PBXFileReference; lastKnownFileType = file.storyboard; name = Base; path = Base.lproj/LaunchScreen.storyboard; sourceTree = "<group>"; };
		C361EB1429A5B3E200128BFA /* Info.plist */ = {isa = PBXFileReference; lastKnownFileType = text.plist.xml; path = Info.plist; sourceTree = "<group>"; };
		C361EB1A29A5C2ED00128BFA /* BossViewController.swift */ = {isa = PBXFileReference; lastKnownFileType = sourcecode.swift; path = BossViewController.swift; sourceTree = "<group>"; };
/* End PBXFileReference section */

/* Begin PBXFrameworksBuildPhase section */
		C361EAFD29A5B3DF00128BFA /* Frameworks */ = {
			isa = PBXFrameworksBuildPhase;
			buildActionMask = 2147483647;
			files = (
			);
			runOnlyForDeploymentPostprocessing = 0;
		};
/* End PBXFrameworksBuildPhase section */

/* Begin PBXGroup section */
		C361EAF729A5B3DF00128BFA = {
			isa = PBXGroup;
			children = (
				C361EB0229A5B3DF00128BFA /* DelegateProtocolProject */,
				C361EB0129A5B3DF00128BFA /* Products */,
			);
			sourceTree = "<group>";
		};
		C361EB0129A5B3DF00128BFA /* Products */ = {
			isa = PBXGroup;
			children = (
				C361EB0029A5B3DF00128BFA /* DelegateProtocolProject.app */,
			);
			name = Products;
			sourceTree = "<group>";
		};
		C361EB0229A5B3DF00128BFA /* DelegateProtocolProject */ = {
			isa = PBXGroup;
			children = (
				C361EB0329A5B3DF00128BFA /* AppDelegate.swift */,
				C361EB0529A5B3DF00128BFA /* SceneDelegate.swift */,
				C361EB0729A5B3DF00128BFA /* InternViewController.swift */,
				C361EB1A29A5C2ED00128BFA /* BossViewController.swift */,
				C361EB0929A5B3DF00128BFA /* Main.storyboard */,
				C361EB0F29A5B3E200128BFA /* Assets.xcassets */,
				C361EB1129A5B3E200128BFA /* LaunchScreen.storyboard */,
				C361EB1429A5B3E200128BFA /* Info.plist */,
				C361EB0C29A5B3DF00128BFA /* DelegateProtocolProject.xcdatamodeld */,
			);
			path = DelegateProtocolProject;
			sourceTree = "<group>";
		};
/* End PBXGroup section */

/* Begin PBXNativeTarget section */
		C361EAFF29A5B3DF00128BFA /* DelegateProtocolProject */ = {
			isa = PBXNativeTarget;
			buildConfigurationList = C361EB1729A5B3E200128BFA /* Build configuration list for PBXNativeTarget "DelegateProtocolProject" */;
			buildPhases = (
				C361EAFC29A5B3DF00128BFA /* Sources */,
				C361EAFD29A5B3DF00128BFA /* Frameworks */,
				C361EAFE29A5B3DF00128BFA /* Resources */,
			);
			buildRules = (
			);
			dependencies = (
			);
			name = DelegateProtocolProject;
			productName = DelegateProtocolProject;
			productReference = C361EB0029A5B3DF00128BFA /* DelegateProtocolProject.app */;
			productType = "com.apple.product-type.application";
		};
/* End PBXNativeTarget section */

/* Begin PBXProject section */
		C361EAF829A5B3DF00128BFA /* Project object */ = {
			isa = PBXProject;
			attributes = {
				BuildIndependentTargetsInParallel = 1;
				LastSwiftUpdateCheck = 1330;
				LastUpgradeCheck = 1330;
				TargetAttributes = {
					C361EAFF29A5B3DF00128BFA = {
						CreatedOnToolsVersion = 13.3.1;
					};
				};
			};
			buildConfigurationList = C361EAFB29A5B3DF00128BFA /* Build configuration list for PBXProject "DelegateProtocolProject" */;
			compatibilityVersion = "Xcode 13.0";
			developmentRegion = en;
			hasScannedForEncodings = 0;
			knownRegions = (
				en,
				Base,
			);
			mainGroup = C361EAF729A5B3DF00128BFA;
			productRefGroup = C361EB0129A5B3DF00128BFA /* Products */;
			projectDirPath = "";
			projectRoot = "";
			targets = (
				C361EAFF29A5B3DF00128BFA /* DelegateProtocolProject */,
			);
		};
/* End PBXProject section */

/* Begin PBXResourcesBuildPhase section */
		C361EAFE29A5B3DF00128BFA /* Resources */ = {
			isa = PBXResourcesBuildPhase;
			buildActionMask = 2147483647;
			files = (
				C361EB1329A5B3E200128BFA /* LaunchScreen.storyboard in Resources */,
				C361EB1029A5B3E200128BFA /* Assets.xcassets in Resources */,
				C361EB0B29A5B3DF00128BFA /* Main.storyboard in Resources */,
			);
			runOnlyForDeploymentPostprocessing = 0;
		};
/* End PBXResourcesBuildPhase section */

/* Begin PBXSourcesBuildPhase section */
		C361EAFC29A5B3DF00128BFA /* Sources */ = {
			isa = PBXSourcesBuildPhase;
			buildActionMask = 2147483647;
			files = (
				C361EB0E29A5B3DF00128BFA /* DelegateProtocolProject.xcdatamodeld in Sources */,
				C361EB1B29A5C2ED00128BFA /* BossViewController.swift in Sources */,
				C361EB0829A5B3DF00128BFA /* InternViewController.swift in Sources */,
				C361EB0429A5B3DF00128BFA /* AppDelegate.swift in Sources */,
				C361EB0629A5B3DF00128BFA /* SceneDelegate.swift in Sources */,
			);
			runOnlyForDeploymentPostprocessing = 0;
		};
/* End PBXSourcesBuildPhase section */

/* Begin PBXVariantGroup section */
		C361EB0929A5B3DF00128BFA /* Main.storyboard */ = {
			isa = PBXVariantGroup;
			children = (
				C361EB0A29A5B3DF00128BFA /* Base */,
			);
			name = Main.storyboard;
			sourceTree = "<group>";
		};
		C361EB1129A5B3E200128BFA /* LaunchScreen.storyboard */ = {
			isa = PBXVariantGroup;
			children = (
				C361EB1229A5B3E200128BFA /* Base */,
			);
			name = LaunchScreen.storyboard;
			sourceTree = "<group>";
		};
/* End PBXVariantGroup section */

/* Begin XCBuildConfiguration section */
		C361EB1529A5B3E200128BFA /* Debug */ = {
			isa = XCBuildConfiguration;
			buildSettings = {
				ALWAYS_SEARCH_USER_PATHS = NO;
				CLANG_ANALYZER_NONNULL = YES;
				CLANG_ANALYZER_NUMBER_OBJECT_CONVERSION = YES_AGGRESSIVE;
				CLANG_CXX_LANGUAGE_STANDARD = "gnu++17";
				CLANG_ENABLE_MODULES = YES;
				CLANG_ENABLE_OBJC_ARC = YES;
				CLANG_ENABLE_OBJC_WEAK = YES;
				CLANG_WARN_BLOCK_CAPTURE_AUTORELEASING = YES;
				CLANG_WARN_BOOL_CONVERSION = YES;
				CLANG_WARN_COMMA = YES;
				CLANG_WARN_CONSTANT_CONVERSION = YES;
				CLANG_WARN_DEPRECATED_OBJC_IMPLEMENTATIONS = YES;
				CLANG_WARN_DIRECT_OBJC_ISA_USAGE = YES_ERROR;
				CLANG_WARN_DOCUMENTATION_COMMENTS = YES;
				CLANG_WARN_EMPTY_BODY = YES;
				CLANG_WARN_ENUM_CONVERSION = YES;
				CLANG_WARN_INFINITE_RECURSION = YES;
				CLANG_WARN_INT_CONVERSION = YES;
				CLANG_WARN_NON_LITERAL_NULL_CONVERSION = YES;
				CLANG_WARN_OBJC_IMPLICIT_RETAIN_SELF = YES;
				CLANG_WARN_OBJC_LITERAL_CONVERSION = YES;
				CLANG_WARN_OBJC_ROOT_CLASS = YES_ERROR;
				CLANG_WARN_QUOTED_INCLUDE_IN_FRAMEWORK_HEADER = YES;
				CLANG_WARN_RANGE_LOOP_ANALYSIS = YES;
				CLANG_WARN_STRICT_PROTOTYPES = YES;
				CLANG_WARN_SUSPICIOUS_MOVE = YES;
				CLANG_WARN_UNGUARDED_AVAILABILITY = YES_AGGRESSIVE;
				CLANG_WARN_UNREACHABLE_CODE = YES;
				CLANG_WARN__DUPLICATE_METHOD_MATCH = YES;
				COPY_PHASE_STRIP = NO;
				DEBUG_INFORMATION_FORMAT = dwarf;
				ENABLE_STRICT_OBJC_MSGSEND = YES;
				ENABLE_TESTABILITY = YES;
				GCC_C_LANGUAGE_STANDARD = gnu11;
				GCC_DYNAMIC_NO_PIC = NO;
				GCC_NO_COMMON_BLOCKS = YES;
				GCC_OPTIMIZATION_LEVEL = 0;
				GCC_PREPROCESSOR_DEFINITIONS = (
					"DEBUG=1",
					"$(inherited)",
				);
				GCC_WARN_64_TO_32_BIT_CONVERSION = YES;
				GCC_WARN_ABOUT_RETURN_TYPE = YES_ERROR;
				GCC_WARN_UNDECLARED_SELECTOR = YES;
				GCC_WARN_UNINITIALIZED_AUTOS = YES_AGGRESSIVE;
				GCC_WARN_UNUSED_FUNCTION = YES;
				GCC_WARN_UNUSED_VARIABLE = YES;
				IPHONEOS_DEPLOYMENT_TARGET = 15.4;
				MTL_ENABLE_DEBUG_INFO = INCLUDE_SOURCE;
				MTL_FAST_MATH = YES;
				ONLY_ACTIVE_ARCH = YES;
				SDKROOT = iphoneos;
				SWIFT_ACTIVE_COMPILATION_CONDITIONS = DEBUG;
				SWIFT_OPTIMIZATION_LEVEL = "-Onone";
			};
			name = Debug;
		};
		C361EB1629A5B3E200128BFA /* Release */ = {
			isa = XCBuildConfiguration;
			buildSettings = {
				ALWAYS_SEARCH_USER_PATHS = NO;
				CLANG_ANALYZER_NONNULL = YES;
				CLANG_ANALYZER_NUMBER_OBJECT_CONVERSION = YES_AGGRESSIVE;
				CLANG_CXX_LANGUAGE_STANDARD = "gnu++17";
				CLANG_ENABLE_MODULES = YES;
				CLANG_ENABLE_OBJC_ARC = YES;
				CLANG_ENABLE_OBJC_WEAK = YES;
				CLANG_WARN_BLOCK_CAPTURE_AUTORELEASING = YES;
				CLANG_WARN_BOOL_CONVERSION = YES;
				CLANG_WARN_COMMA = YES;
				CLANG_WARN_CONSTANT_CONVERSION = YES;
				CLANG_WARN_DEPRECATED_OBJC_IMPLEMENTATIONS = YES;
				CLANG_WARN_DIRECT_OBJC_ISA_USAGE = YES_ERROR;
				CLANG_WARN_DOCUMENTATION_COMMENTS = YES;
				CLANG_WARN_EMPTY_BODY = YES;
				CLANG_WARN_ENUM_CONVERSION = YES;
				CLANG_WARN_INFINITE_RECURSION = YES;
				CLANG_WARN_INT_CONVERSION = YES;
				CLANG_WARN_NON_LITERAL_NULL_CONVERSION = YES;
				CLANG_WARN_OBJC_IMPLICIT_RETAIN_SELF = YES;
				CLANG_WARN_OBJC_LITERAL_CONVERSION = YES;
				CLANG_WARN_OBJC_ROOT_CLASS = YES_ERROR;
				CLANG_WARN_QUOTED_INCLUDE_IN_FRAMEWORK_HEADER = YES;
				CLANG_WARN_RANGE_LOOP_ANALYSIS = YES;
				CLANG_WARN_STRICT_PROTOTYPES = YES;
				CLANG_WARN_SUSPICIOUS_MOVE = YES;
				CLANG_WARN_UNGUARDED_AVAILABILITY = YES_AGGRESSIVE;
				CLANG_WARN_UNREACHABLE_CODE = YES;
				CLANG_WARN__DUPLICATE_METHOD_MATCH = YES;
				COPY_PHASE_STRIP = NO;
				DEBUG_INFORMATION_FORMAT = "dwarf-with-dsym";
				ENABLE_NS_ASSERTIONS = NO;
				ENABLE_STRICT_OBJC_MSGSEND = YES;
				GCC_C_LANGUAGE_STANDARD = gnu11;
				GCC_NO_COMMON_BLOCKS = YES;
				GCC_WARN_64_TO_32_BIT_CONVERSION = YES;
				GCC_WARN_ABOUT_RETURN_TYPE = YES_ERROR;
				GCC_WARN_UNDECLARED_SELECTOR = YES;
				GCC_WARN_UNINITIALIZED_AUTOS = YES_AGGRESSIVE;
				GCC_WARN_UNUSED_FUNCTION = YES;
				GCC_WARN_UNUSED_VARIABLE = YES;
				IPHONEOS_DEPLOYMENT_TARGET = 15.4;
				MTL_ENABLE_DEBUG_INFO = NO;
				MTL_FAST_MATH = YES;
				SDKROOT = iphoneos;
				SWIFT_COMPILATION_MODE = wholemodule;
				SWIFT_OPTIMIZATION_LEVEL = "-O";
				VALIDATE_PRODUCT = YES;
			};
			name = Release;
		};
		C361EB1829A5B3E200128BFA /* Debug */ = {
			isa = XCBuildConfiguration;
			buildSettings = {
				ASSETCATALOG_COMPILER_APPICON_NAME = AppIcon;
				ASSETCATALOG_COMPILER_GLOBAL_ACCENT_COLOR_NAME = AccentColor;
				CODE_SIGN_STYLE = Automatic;
				CURRENT_PROJECT_VERSION = 1;
				DEVELOPMENT_TEAM = QY658KY6TF;
				GENERATE_INFOPLIST_FILE = YES;
				INFOPLIST_FILE = DelegateProtocolProject/Info.plist;
				INFOPLIST_KEY_UIApplicationSupportsIndirectInputEvents = YES;
				INFOPLIST_KEY_UILaunchStoryboardName = LaunchScreen;
				INFOPLIST_KEY_UIMainStoryboardFile = Main;
				INFOPLIST_KEY_UISupportedInterfaceOrientations = UIInterfaceOrientationPortrait;
				INFOPLIST_KEY_UISupportedInterfaceOrientations_iPad = "UIInterfaceOrientationPortrait UIInterfaceOrientationPortraitUpsideDown UIInterfaceOrientationLandscapeLeft UIInterfaceOrientationLandscapeRight";
				INFOPLIST_KEY_UISupportedInterfaceOrientations_iPhone = "UIInterfaceOrientationPortrait UIInterfaceOrientationLandscapeLeft UIInterfaceOrientationLandscapeRight";
				LD_RUNPATH_SEARCH_PATHS = (
					"$(inherited)",
					"@executable_path/Frameworks",
				);
				MARKETING_VERSION = 1.0;
				PRODUCT_BUNDLE_IDENTIFIER = com.bkap.DelegateProtocolProject;
				PRODUCT_NAME = "$(TARGET_NAME)";
				SWIFT_EMIT_LOC_STRINGS = YES;
				SWIFT_VERSION = 5.0;
				TARGETED_DEVICE_FAMILY = 1;
			};
			name = Debug;
		};
		C361EB1929A5B3E200128BFA /* Release */ = {
			isa = XCBuildConfiguration;
			buildSettings = {
				ASSETCATALOG_COMPILER_APPICON_NAME = AppIcon;
				ASSETCATALOG_COMPILER_GLOBAL_ACCENT_COLOR_NAME = AccentColor;
				CODE_SIGN_STYLE = Automatic;
				CURRENT_PROJECT_VERSION = 1;
				DEVELOPMENT_TEAM = QY658KY6TF;
				GENERATE_INFOPLIST_FILE = YES;
				INFOPLIST_FILE = DelegateProtocolProject/Info.plist;
				INFOPLIST_KEY_UIApplicationSupportsIndirectInputEvents = YES;
				INFOPLIST_KEY_UILaunchStoryboardName = LaunchScreen;
				INFOPLIST_KEY_UIMainStoryboardFile = Main;
				INFOPLIST_KEY_UISupportedInterfaceOrientations = UIInterfaceOrientationPortrait;
				INFOPLIST_KEY_UISupportedInterfaceOrientations_iPad = "UIInterfaceOrientationPortrait UIInterfaceOrientationPortraitUpsideDown UIInterfaceOrientationLandscapeLeft UIInterfaceOrientationLandscapeRight";
				INFOPLIST_KEY_UISupportedInterfaceOrientations_iPhone = "UIInterfaceOrientationPortrait UIInterfaceOrientationLandscapeLeft UIInterfaceOrientationLandscapeRight";
				LD_RUNPATH_SEARCH_PATHS = (
					"$(inherited)",
					"@executable_path/Frameworks",
				);
				MARKETING_VERSION = 1.0;
				PRODUCT_BUNDLE_IDENTIFIER = com.bkap.DelegateProtocolProject;
				PRODUCT_NAME = "$(TARGET_NAME)";
				SWIFT_EMIT_LOC_STRINGS = YES;
				SWIFT_VERSION = 5.0;
				TARGETED_DEVICE_FAMILY = 1;
			};
			name = Release;
		};
/* End XCBuildConfiguration section */

/* Begin XCConfigurationList section */
		C361EAFB29A5B3DF00128BFA /* Build configuration list for PBXProject "DelegateProtocolProject" */ = {
			isa = XCConfigurationList;
			buildConfigurations = (
				C361EB1529A5B3E200128BFA /* Debug */,
				C361EB1629A5B3E200128BFA /* Release */,
			);
			defaultConfigurationIsVisible = 0;
			defaultConfigurationName = Release;
		};
		C361EB1729A5B3E200128BFA /* Build configuration list for PBXNativeTarget "DelegateProtocolProject" */ = {
			isa = XCConfigurationList;
			buildConfigurations = (
				C361EB1829A5B3E200128BFA /* Debug */,
				C361EB1929A5B3E200128BFA /* Release */,
			);
			defaultConfigurationIsVisible = 0;
			defaultConfigurationName = Release;
		};
/* End XCConfigurationList section */

/* Begin XCVersionGroup section */
		C361EB0C29A5B3DF00128BFA /* DelegateProtocolProject.xcdatamodeld */ = {
			isa = XCVersionGroup;
			children = (
				C361EB0D29A5B3DF00128BFA /* DelegateProtocolProject.xcdatamodel */,
			);
			currentVersion = C361EB0D29A5B3DF00128BFA /* DelegateProtocolProject.xcdatamodel */;
			path = DelegateProtocolProject.xcdatamodeld;
			sourceTree = "<group>";
			versionGroupType = wrapper.xcdatamodel;
		};
/* End XCVersionGroup section */
	};
	rootObject = C361EAF829A5B3DF00128BFA /* Project object */;
}
